
Microsoft Visual Studio Solution File, Format Version 12.00
# Visual Studio Version 16
VisualStudioVersion = 16.0.30204.135
MinimumVisualStudioVersion = 10.0.40219.1
Project("{FAE04EC0-301F-11D3-BF4B-00C04F79EFBC}") = "Kalkulacka_1", "Kalkulacka_1\Kalkulacka_1.csproj", "{75B0C7B8-A9A5-4EB1-AC02-176C029DCFB6}"
EndProject
Global
	GlobalSection(SolutionConfigurationPlatforms) = preSolution
		Debug|Any CPU = Debug|Any CPU
		Release|Any CPU = Release|Any CPU
	EndGlobalSection
	GlobalSection(ProjectConfigurationPlatforms) = postSolution
		{75B0C7B8-A9A5-4EB1-AC02-176C029DCFB6}.Debug|Any CPU.ActiveCfg = Debug|Any CPU
		{75B0C7B8-A9A5-4EB1-AC02-176C029DCFB6}.Debug|Any CPU.Build.0 = Debug|Any CPU
		{75B0C7B8-A9A5-4EB1-AC02-176C029DCFB6}.Release|Any CPU.ActiveCfg = Release|Any CPU
		{75B0C7B8-A9A5-4EB1-AC02-176C029DCFB6}.Release|Any CPU.Build.0 = Release|Any CPU
	EndGlobalSection
	GlobalSection(SolutionProperties) = preSolution
		HideSolutionNode = FALSE
	EndGlobalSection
	GlobalSection(ExtensibilityGlobals) = postSolution
		SolutionGuid = {FC4E0E0C-7265-4386-B3B0-1B34283D694B}
	EndGlobalSection
EndGlobal
